{
	"name": "@pg-market/promote-product-pl",
	"version": "1.0.0",
	"lockfileVersion": 2,
	"requires": true,
	"packages": {
		"": {
			"name": "@pg-market/promote-product-pl",
			"version": "1.0.0",
			"license": "ISC",
			"devDependencies": {
				"typescript": "4.3.5"
			}
		},
		"../../../../@pinglue/utils": {
			"version": "0.0.0",
			"extraneous": true,
			"dependencies": {
				"memfs": "^3.4.1",
				"testdouble": "^3.16.4"
			},
			"devDependencies": {
				"@typescript-eslint/eslint-plugin": "^4.28.5",
				"@typescript-eslint/parser": "^4.28.5",
				"eslint": "^7.31.0",
				"typedoc": "^0.21.4",
				"typescript": "4.5.5"
			}
		},
		"../../../../pinglue": {
			"version": "0.0.0",
			"extraneous": true,
			"dependencies": {
				"@pinglue/utils": "^0.0.0",
				"chokidar": "^3.5.2",
				"dependency-tree": "^8.1.1",
				"find-up": "^6.2.0",
				"fs-extra": "^10.0.0",
				"yaml": "^1.10.2"
			},
			"devDependencies": {
				"@typescript-eslint/eslint-plugin": "^4.28.5",
				"@typescript-eslint/parser": "^4.28.5",
				"eslint": "^7.31.0",
				"jest": "^27.0.6",
				"typedoc": "^0.21.4",
				"typescript": "4.5.5"
			}
		},
		"node_modules/typescript": {
			"version": "4.3.5",
			"resolved": "https://registry.npmjs.org/typescript/-/typescript-4.3.5.tgz",
			"integrity": "sha512-DqQgihaQ9cUrskJo9kIyW/+g0Vxsk8cDtZ52a3NGh0YNTfpUSArXSohyUGnvbPazEPLu398C0UxmKSOrPumUzA==",
			"dev": true,
			"bin": {
				"tsc": "bin/tsc",
				"tsserver": "bin/tsserver"
			},
			"engines": {
				"node": ">=4.2.0"
			}
		}
	},
	"dependencies": {
		"typescript": {
			"version": "4.3.5",
			"resolved": "https://registry.npmjs.org/typescript/-/typescript-4.3.5.tgz",
			"integrity": "sha512-DqQgihaQ9cUrskJo9kIyW/+g0Vxsk8cDtZ52a3NGh0YNTfpUSArXSohyUGnvbPazEPLu398C0UxmKSOrPumUzA==",
			"dev": true
		}
	}
}
